// !$*UTF8*$!
{
	archiveVersion = 1;
	classes = {
	};
	objectVersion = 50;
	objects = {

/* Begin PBXBuildFile section */
		81CCBB6E2509F3100093781D /* AppDelegate.swift in Sources */ = {isa = PBXBuildFile; fileRef = 81CCBB6D2509F3100093781D /* AppDelegate.swift */; };
		81CCBB702509F3100093781D /* SceneDelegate.swift in Sources */ = {isa = PBXBuildFile; fileRef = 81CCBB6F2509F3100093781D /* SceneDelegate.swift */; };
		81CCBB722509F3100093781D /* ViewController.swift in Sources */ = {isa = PBXBuildFile; fileRef = 81CCBB712509F3100093781D /* ViewController.swift */; };
		81CCBB752509F3100093781D /* Main.storyboard in Resources */ = {isa = PBXBuildFile; fileRef = 81CCBB732509F3100093781D /* Main.storyboard */; };
		81CCBB772509F3130093781D /* Assets.xcassets in Resources */ = {isa = PBXBuildFile; fileRef = 81CCBB762509F3130093781D /* Assets.xcassets */; };
		81CCBB7A2509F3130093781D /* LaunchScreen.storyboard in Resources */ = {isa = PBXBuildFile; fileRef = 81CCBB782509F3130093781D /* LaunchScreen.storyboard */; };
		81CCBB852509F3130093781D /* StampTests.swift in Sources */ = {isa = PBXBuildFile; fileRef = 81CCBB842509F3130093781D /* StampTests.swift */; };
		81CCBB902509F3130093781D /* StampUITests.swift in Sources */ = {isa = PBXBuildFile; fileRef = 81CCBB8F2509F3130093781D /* StampUITests.swift */; };
		81CCBBA32509F4260093781D /* hana.png in Resources */ = {isa = PBXBuildFile; fileRef = 81CCBB9E2509F4260093781D /* hana.png */; };
		81CCBBA42509F4260093781D /* onpu.png in Resources */ = {isa = PBXBuildFile; fileRef = 81CCBB9F2509F4260093781D /* onpu.png */; };
		81CCBBA52509F4260093781D /* hoshi.png in Resources */ = {isa = PBXBuildFile; fileRef = 81CCBBA02509F4260093781D /* hoshi.png */; };
		81CCBBA62509F4260093781D /* background.png in Resources */ = {isa = PBXBuildFile; fileRef = 81CCBBA12509F4260093781D /* background.png */; };
		81CCBBA72509F4260093781D /* shitumon.png in Resources */ = {isa = PBXBuildFile; fileRef = 81CCBBA22509F4260093781D /* shitumon.png */; };
/* End PBXBuildFile section */

/* Begin PBXContainerItemProxy section */
		81CCBB812509F3130093781D /* PBXContainerItemProxy */ = {
			isa = PBXContainerItemProxy;
			containerPortal = 81CCBB622509F3100093781D /* Project object */;
			proxyType = 1;
			remoteGlobalIDString = 81CCBB692509F3100093781D;
			remoteInfo = Stamp;
		};
		81CCBB8C2509F3130093781D /* PBXContainerItemProxy */ = {
			isa = PBXContainerItemProxy;
			containerPortal = 81CCBB622509F3100093781D /* Project object */;
			proxyType = 1;
			remoteGlobalIDString = 81CCBB692509F3100093781D;
			remoteInfo = Stamp;
		};
/* End PBXContainerItemProxy section */

/* Begin PBXFileReference section */
		81CCBB6A2509F3100093781D /* Stamp.app */ = {isa = PBXFileReference; explicitFileType = wrapper.application; includeInIndex = 0; path = Stamp.app; sourceTree = BUILT_PRODUCTS_DIR; };
		81CCBB6D2509F3100093781D /* AppDelegate.swift */ = {isa = PBXFileReference; lastKnownFileType = sourcecode.swift; path = AppDelegate.swift; sourceTree = "<group>"; };
		81CCBB6F2509F3100093781D /* SceneDelegate.swift */ = {isa = PBXFileReference; lastKnownFileType = sourcecode.swift; path = SceneDelegate.swift; sourceTree = "<group>"; };
		81CCBB712509F3100093781D /* ViewController.swift */ = {isa = PBXFileReference; lastKnownFileType = sourcecode.swift; path = ViewController.swift; sourceTree = "<group>"; };
		81CCBB742509F3100093781D /* Base */ = {isa = PBXFileReference; lastKnownFileType = file.storyboard; name = Base; path = Base.lproj/Main.storyboard; sourceTree = "<group>"; };
		81CCBB762509F3130093781D /* Assets.xcassets */ = {isa = PBXFileReference; lastKnownFileType = folder.assetcatalog; path = Assets.xcassets; sourceTree = "<group>"; };
		81CCBB792509F3130093781D /* Base */ = {isa = PBXFileReference; lastKnownFileType = file.storyboard; name = Base; path = Base.lproj/LaunchScreen.storyboard; sourceTree = "<group>"; };
		81CCBB7B2509F3130093781D /* Info.plist */ = {isa = PBXFileReference; lastKnownFileType = text.plist.xml; path = Info.plist; sourceTree = "<group>"; };
		81CCBB802509F3130093781D /* StampTests.xctest */ = {isa = PBXFileReference; explicitFileType = wrapper.cfbundle; includeInIndex = 0; path = StampTests.xctest; sourceTree = BUILT_PRODUCTS_DIR; };
		81CCBB842509F3130093781D /* StampTests.swift */ = {isa = PBXFileReference; lastKnownFileType = sourcecode.swift; path = StampTests.swift; sourceTree = "<group>"; };
		81CCBB862509F3130093781D /* Info.plist */ = {isa = PBXFileReference; lastKnownFileType = text.plist.xml; path = Info.plist; sourceTree = "<group>"; };
		81CCBB8B2509F3130093781D /* StampUITests.xctest */ = {isa = PBXFileReference; explicitFileType = wrapper.cfbundle; includeInIndex = 0; path = StampUITests.xctest; sourceTree = BUILT_PRODUCTS_DIR; };
		81CCBB8F2509F3130093781D /* StampUITests.swift */ = {isa = PBXFileReference; lastKnownFileType = sourcecode.swift; path = StampUITests.swift; sourceTree = "<group>"; };
		81CCBB912509F3130093781D /* Info.plist */ = {isa = PBXFileReference; lastKnownFileType = text.plist.xml; path = Info.plist; sourceTree = "<group>"; };
		81CCBB9E2509F4260093781D /* hana.png */ = {isa = PBXFileReference; lastKnownFileType = image.png; path = hana.png; sourceTree = "<group>"; };
		81CCBB9F2509F4260093781D /* onpu.png */ = {isa = PBXFileReference; lastKnownFileType = image.png; path = onpu.png; sourceTree = "<group>"; };
		81CCBBA02509F4260093781D /* hoshi.png */ = {isa = PBXFileReference; lastKnownFileType = image.png; path = hoshi.png; sourceTree = "<group>"; };
		81CCBBA12509F4260093781D /* background.png */ = {isa = PBXFileReference; lastKnownFileType = image.png; path = background.png; sourceTree = "<group>"; };
		81CCBBA22509F4260093781D /* shitumon.png */ = {isa = PBXFileReference; lastKnownFileType = image.png; path = shitumon.png; sourceTree = "<group>"; };
/* End PBXFileReference section */

/* Begin PBXFrameworksBuildPhase section */
		81CCBB672509F3100093781D /* Frameworks */ = {
			isa = PBXFrameworksBuildPhase;
			buildActionMask = 2147483647;
			files = (
			);
			runOnlyForDeploymentPostprocessing = 0;
		};
		81CCBB7D2509F3130093781D /* Frameworks */ = {
			isa = PBXFrameworksBuildPhase;
			buildActionMask = 2147483647;
			files = (
			);
			runOnlyForDeploymentPostprocessing = 0;
		};
		81CCBB882509F3130093781D /* Frameworks */ = {
			isa = PBXFrameworksBuildPhase;
			buildActionMask = 2147483647;
			files = (
			);
			runOnlyForDeploymentPostprocessing = 0;
		};
/* End PBXFrameworksBuildPhase section */

/* Begin PBXGroup section */
		81CCBB612509F3100093781D = {
			isa = PBXGroup;
			children = (
				81CCBB6C2509F3100093781D /* Stamp */,
				81CCBB832509F3130093781D /* StampTests */,
				81CCBB8E2509F3130093781D /* StampUITests */,
				81CCBB6B2509F3100093781D /* Products */,
			);
			sourceTree = "<group>";
		};
		81CCBB6B2509F3100093781D /* Products */ = {
			isa = PBXGroup;
			children = (
				81CCBB6A2509F3100093781D /* Stamp.app */,
				81CCBB802509F3130093781D /* StampTests.xctest */,
				81CCBB8B2509F3130093781D /* StampUITests.xctest */,
			);
			name = Products;
			sourceTree = "<group>";
		};
		81CCBB6C2509F3100093781D /* Stamp */ = {
			isa = PBXGroup;
			children = (
				81CCBB9D2509F4260093781D /* Stamp素材 */,
				81CCBB6D2509F3100093781D /* AppDelegate.swift */,
				81CCBB6F2509F3100093781D /* SceneDelegate.swift */,
				81CCBB712509F3100093781D /* ViewController.swift */,
				81CCBB732509F3100093781D /* Main.storyboard */,
				81CCBB762509F3130093781D /* Assets.xcassets */,
				81CCBB782509F3130093781D /* LaunchScreen.storyboard */,
				81CCBB7B2509F3130093781D /* Info.plist */,
			);
			path = Stamp;
			sourceTree = "<group>";
		};
		81CCBB832509F3130093781D /* StampTests */ = {
			isa = PBXGroup;
			children = (
				81CCBB842509F3130093781D /* StampTests.swift */,
				81CCBB862509F3130093781D /* Info.plist */,
			);
			path = StampTests;
			sourceTree = "<group>";
		};
		81CCBB8E2509F3130093781D /* StampUITests */ = {
			isa = PBXGroup;
			children = (
				81CCBB8F2509F3130093781D /* StampUITests.swift */,
				81CCBB912509F3130093781D /* Info.plist */,
			);
			path = StampUITests;
			sourceTree = "<group>";
		};
		81CCBB9D2509F4260093781D /* Stamp素材 */ = {
			isa = PBXGroup;
			children = (
				81CCBB9E2509F4260093781D /* hana.png */,
				81CCBB9F2509F4260093781D /* onpu.png */,
				81CCBBA02509F4260093781D /* hoshi.png */,
				81CCBBA12509F4260093781D /* background.png */,
				81CCBBA22509F4260093781D /* shitumon.png */,
			);
			path = "Stamp素材";
			sourceTree = "<group>";
		};
/* End PBXGroup section */

/* Begin PBXNativeTarget section */
		81CCBB692509F3100093781D /* Stamp */ = {
			isa = PBXNativeTarget;
			buildConfigurationList = 81CCBB942509F3130093781D /* Build configuration list for PBXNativeTarget "Stamp" */;
			buildPhases = (
				81CCBB662509F3100093781D /* Sources */,
				81CCBB672509F3100093781D /* Frameworks */,
				81CCBB682509F3100093781D /* Resources */,
			);
			buildRules = (
			);
			dependencies = (
			);
			name = Stamp;
			productName = Stamp;
			productReference = 81CCBB6A2509F3100093781D /* Stamp.app */;
			productType = "com.apple.product-type.application";
		};
		81CCBB7F2509F3130093781D /* StampTests */ = {
			isa = PBXNativeTarget;
			buildConfigurationList = 81CCBB972509F3130093781D /* Build configuration list for PBXNativeTarget "StampTests" */;
			buildPhases = (
				81CCBB7C2509F3130093781D /* Sources */,
				81CCBB7D2509F3130093781D /* Frameworks */,
				81CCBB7E2509F3130093781D /* Resources */,
			);
			buildRules = (
			);
			dependencies = (
				81CCBB822509F3130093781D /* PBXTargetDependency */,
			);
			name = StampTests;
			productName = StampTests;
			productReference = 81CCBB802509F3130093781D /* StampTests.xctest */;
			productType = "com.apple.product-type.bundle.unit-test";
		};
		81CCBB8A2509F3130093781D /* StampUITests */ = {
			isa = PBXNativeTarget;
			buildConfigurationList = 81CCBB9A2509F3130093781D /* Build configuration list for PBXNativeTarget "StampUITests" */;
			buildPhases = (
				81CCBB872509F3130093781D /* Sources */,
				81CCBB882509F3130093781D /* Frameworks */,
				81CCBB892509F3130093781D /* Resources */,
			);
			buildRules = (
			);
			dependencies = (
				81CCBB8D2509F3130093781D /* PBXTargetDependency */,
			);
			name = StampUITests;
			productName = StampUITests;
			productReference = 81CCBB8B2509F3130093781D /* StampUITests.xctest */;
			productType = "com.apple.product-type.bundle.ui-testing";
		};
/* End PBXNativeTarget section */

/* Begin PBXProject section */
		81CCBB622509F3100093781D /* Project object */ = {
			isa = PBXProject;
			attributes = {
				LastSwiftUpdateCheck = 1170;
				LastUpgradeCheck = 1170;
				ORGANIZATIONNAME = com.litech;
				TargetAttributes = {
					81CCBB692509F3100093781D = {
						CreatedOnToolsVersion = 11.7;
					};
					81CCBB7F2509F3130093781D = {
						CreatedOnToolsVersion = 11.7;
						TestTargetID = 81CCBB692509F3100093781D;
					};
					81CCBB8A2509F3130093781D = {
						CreatedOnToolsVersion = 11.7;
						TestTargetID = 81CCBB692509F3100093781D;
					};
				};
			};
			buildConfigurationList = 81CCBB652509F3100093781D /* Build configuration list for PBXProject "Stamp" */;
			compatibilityVersion = "Xcode 9.3";
			developmentRegion = en;
			hasScannedForEncodings = 0;
			knownRegions = (
				en,
				Base,
			);
			mainGroup = 81CCBB612509F3100093781D;
			productRefGroup = 81CCBB6B2509F3100093781D /* Products */;
			projectDirPath = "";
			projectRoot = "";
			targets = (
				81CCBB692509F3100093781D /* Stamp */,
				81CCBB7F2509F3130093781D /* StampTests */,
				81CCBB8A2509F3130093781D /* StampUITests */,
			);
		};
/* End PBXProject section */

/* Begin PBXResourcesBuildPhase section */
		81CCBB682509F3100093781D /* Resources */ = {
			isa = PBXResourcesBuildPhase;
			buildActionMask = 2147483647;
			files = (
				81CCBB7A2509F3130093781D /* LaunchScreen.storyboard in Resources */,
				81CCBBA52509F4260093781D /* hoshi.png in Resources */,
				81CCBBA62509F4260093781D /* background.png in Resources */,
				81CCBBA42509F4260093781D /* onpu.png in Resources */,
				81CCBB772509F3130093781D /* Assets.xcassets in Resources */,
				81CCBB752509F3100093781D /* Main.storyboard in Resources */,
				81CCBBA72509F4260093781D /* shitumon.png in Resources */,
				81CCBBA32509F4260093781D /* hana.png in Resources */,
			);
			runOnlyForDeploymentPostprocessing = 0;
		};
		81CCBB7E2509F3130093781D /* Resources */ = {
			isa = PBXResourcesBuildPhase;
			buildActionMask = 2147483647;
			files = (
			);
			runOnlyForDeploymentPostprocessing = 0;
		};
		81CCBB892509F3130093781D /* Resources */ = {
			isa = PBXResourcesBuildPhase;
			buildActionMask = 2147483647;
			files = (
			);
			runOnlyForDeploymentPostprocessing = 0;
		};
/* End PBXResourcesBuildPhase section */

/* Begin PBXSourcesBuildPhase section */
		81CCBB662509F3100093781D /* Sources */ = {
			isa = PBXSourcesBuildPhase;
			buildActionMask = 2147483647;
			files = (
				81CCBB722509F3100093781D /* ViewController.swift in Sources */,
				81CCBB6E2509F3100093781D /* AppDelegate.swift in Sources */,
				81CCBB702509F3100093781D /* SceneDelegate.swift in Sources */,
			);
			runOnlyForDeploymentPostprocessing = 0;
		};
		81CCBB7C2509F3130093781D /* Sources */ = {
			isa = PBXSourcesBuildPhase;
			buildActionMask = 2147483647;
			files = (
				81CCBB852509F3130093781D /* StampTests.swift in Sources */,
			);
			runOnlyForDeploymentPostprocessing = 0;
		};
		81CCBB872509F3130093781D /* Sources */ = {
			isa = PBXSourcesBuildPhase;
			buildActionMask = 2147483647;
			files = (
				81CCBB902509F3130093781D /* StampUITests.swift in Sources */,
			);
			runOnlyForDeploymentPostprocessing = 0;
		};
/* End PBXSourcesBuildPhase section */

/* Begin PBXTargetDependency section */
		81CCBB822509F3130093781D /* PBXTargetDependency */ = {
			isa = PBXTargetDependency;
			target = 81CCBB692509F3100093781D /* Stamp */;
			targetProxy = 81CCBB812509F3130093781D /* PBXContainerItemProxy */;
		};
		81CCBB8D2509F3130093781D /* PBXTargetDependency */ = {
			isa = PBXTargetDependency;
			target = 81CCBB692509F3100093781D /* Stamp */;
			targetProxy = 81CCBB8C2509F3130093781D /* PBXContainerItemProxy */;
		};
/* End PBXTargetDependency section */

/* Begin PBXVariantGroup section */
		81CCBB732509F3100093781D /* Main.storyboard */ = {
			isa = PBXVariantGroup;
			children = (
				81CCBB742509F3100093781D /* Base */,
			);
			name = Main.storyboard;
			sourceTree = "<group>";
		};
		81CCBB782509F3130093781D /* LaunchScreen.storyboard */ = {
			isa = PBXVariantGroup;
			children = (
				81CCBB792509F3130093781D /* Base */,
			);
			name = LaunchScreen.storyboard;
			sourceTree = "<group>";
		};
/* End PBXVariantGroup section */

/* Begin XCBuildConfiguration section */
		81CCBB922509F3130093781D /* Debug */ = {
			isa = XCBuildConfiguration;
			buildSettings = {
				ALWAYS_SEARCH_USER_PATHS = NO;
				CLANG_ANALYZER_NONNULL = YES;
				CLANG_ANALYZER_NUMBER_OBJECT_CONVERSION = YES_AGGRESSIVE;
				CLANG_CXX_LANGUAGE_STANDARD = "gnu++14";
				CLANG_CXX_LIBRARY = "libc++";
				CLANG_ENABLE_MODULES = YES;
				CLANG_ENABLE_OBJC_ARC = YES;
				CLANG_ENABLE_OBJC_WEAK = YES;
				CLANG_WARN_BLOCK_CAPTURE_AUTORELEASING = YES;
				CLANG_WARN_BOOL_CONVERSION = YES;
				CLANG_WARN_COMMA = YES;
				CLANG_WARN_CONSTANT_CONVERSION = YES;
				CLANG_WARN_DEPRECATED_OBJC_IMPLEMENTATIONS = YES;
				CLANG_WARN_DIRECT_OBJC_ISA_USAGE = YES_ERROR;
				CLANG_WARN_DOCUMENTATION_COMMENTS = YES;
				CLANG_WARN_EMPTY_BODY = YES;
				CLANG_WARN_ENUM_CONVERSION = YES;
				CLANG_WARN_INFINITE_RECURSION = YES;
				CLANG_WARN_INT_CONVERSION = YES;
				CLANG_WARN_NON_LITERAL_NULL_CONVERSION = YES;
				CLANG_WARN_OBJC_IMPLICIT_RETAIN_SELF = YES;
				CLANG_WARN_OBJC_LITERAL_CONVERSION = YES;
				CLANG_WARN_OBJC_ROOT_CLASS = YES_ERROR;
				CLANG_WARN_RANGE_LOOP_ANALYSIS = YES;
				CLANG_WARN_STRICT_PROTOTYPES = YES;
				CLANG_WARN_SUSPICIOUS_MOVE = YES;
				CLANG_WARN_UNGUARDED_AVAILABILITY = YES_AGGRESSIVE;
				CLANG_WARN_UNREACHABLE_CODE = YES;
				CLANG_WARN__DUPLICATE_METHOD_MATCH = YES;
				COPY_PHASE_STRIP = NO;
				DEBUG_INFORMATION_FORMAT = dwarf;
				ENABLE_STRICT_OBJC_MSGSEND = YES;
				ENABLE_TESTABILITY = YES;
				GCC_C_LANGUAGE_STANDARD = gnu11;
				GCC_DYNAMIC_NO_PIC = NO;
				GCC_NO_COMMON_BLOCKS = YES;
				GCC_OPTIMIZATION_LEVEL = 0;
				GCC_PREPROCESSOR_DEFINITIONS = (
					"DEBUG=1",
					"$(inherited)",
				);
				GCC_WARN_64_TO_32_BIT_CONVERSION = YES;
				GCC_WARN_ABOUT_RETURN_TYPE = YES_ERROR;
				GCC_WARN_UNDECLARED_SELECTOR = YES;
				GCC_WARN_UNINITIALIZED_AUTOS = YES_AGGRESSIVE;
				GCC_WARN_UNUSED_FUNCTION = YES;
				GCC_WARN_UNUSED_VARIABLE = YES;
				IPHONEOS_DEPLOYMENT_TARGET = 13.7;
				MTL_ENABLE_DEBUG_INFO = INCLUDE_SOURCE;
				MTL_FAST_MATH = YES;
				ONLY_ACTIVE_ARCH = YES;
				SDKROOT = iphoneos;
				SWIFT_ACTIVE_COMPILATION_CONDITIONS = DEBUG;
				SWIFT_OPTIMIZATION_LEVEL = "-Onone";
			};
			name = Debug;
		};
		81CCBB932509F3130093781D /* Release */ = {
			isa = XCBuildConfiguration;
			buildSettings = {
				ALWAYS_SEARCH_USER_PATHS = NO;
				CLANG_ANALYZER_NONNULL = YES;
				CLANG_ANALYZER_NUMBER_OBJECT_CONVERSION = YES_AGGRESSIVE;
				CLANG_CXX_LANGUAGE_STANDARD = "gnu++14";
				CLANG_CXX_LIBRARY = "libc++";
				CLANG_ENABLE_MODULES = YES;
				CLANG_ENABLE_OBJC_ARC = YES;
				CLANG_ENABLE_OBJC_WEAK = YES;
				CLANG_WARN_BLOCK_CAPTURE_AUTORELEASING = YES;
				CLANG_WARN_BOOL_CONVERSION = YES;
				CLANG_WARN_COMMA = YES;
				CLANG_WARN_CONSTANT_CONVERSION = YES;
				CLANG_WARN_DEPRECATED_OBJC_IMPLEMENTATIONS = YES;
				CLANG_WARN_DIRECT_OBJC_ISA_USAGE = YES_ERROR;
				CLANG_WARN_DOCUMENTATION_COMMENTS = YES;
				CLANG_WARN_EMPTY_BODY = YES;
				CLANG_WARN_ENUM_CONVERSION = YES;
				CLANG_WARN_INFINITE_RECURSION = YES;
				CLANG_WARN_INT_CONVERSION = YES;
				CLANG_WARN_NON_LITERAL_NULL_CONVERSION = YES;
				CLANG_WARN_OBJC_IMPLICIT_RETAIN_SELF = YES;
				CLANG_WARN_OBJC_LITERAL_CONVERSION = YES;
				CLANG_WARN_OBJC_ROOT_CLASS = YES_ERROR;
				CLANG_WARN_RANGE_LOOP_ANALYSIS = YES;
				CLANG_WARN_STRICT_PROTOTYPES = YES;
				CLANG_WARN_SUSPICIOUS_MOVE = YES;
				CLANG_WARN_UNGUARDED_AVAILABILITY = YES_AGGRESSIVE;
				CLANG_WARN_UNREACHABLE_CODE = YES;
				CLANG_WARN__DUPLICATE_METHOD_MATCH = YES;
				COPY_PHASE_STRIP = NO;
				DEBUG_INFORMATION_FORMAT = "dwarf-with-dsym";
				ENABLE_NS_ASSERTIONS = NO;
				ENABLE_STRICT_OBJC_MSGSEND = YES;
				GCC_C_LANGUAGE_STANDARD = gnu11;
				GCC_NO_COMMON_BLOCKS = YES;
				GCC_WARN_64_TO_32_BIT_CONVERSION = YES;
				GCC_WARN_ABOUT_RETURN_TYPE = YES_ERROR;
				GCC_WARN_UNDECLARED_SELECTOR = YES;
				GCC_WARN_UNINITIALIZED_AUTOS = YES_AGGRESSIVE;
				GCC_WARN_UNUSED_FUNCTION = YES;
				GCC_WARN_UNUSED_VARIABLE = YES;
				IPHONEOS_DEPLOYMENT_TARGET = 13.7;
				MTL_ENABLE_DEBUG_INFO = NO;
				MTL_FAST_MATH = YES;
				SDKROOT = iphoneos;
				SWIFT_COMPILATION_MODE = wholemodule;
				SWIFT_OPTIMIZATION_LEVEL = "-O";
				VALIDATE_PRODUCT = YES;
			};
			name = Release;
		};
		81CCBB952509F3130093781D /* Debug */ = {
			isa = XCBuildConfiguration;
			buildSettings = {
				ASSETCATALOG_COMPILER_APPICON_NAME = AppIcon;
				CODE_SIGN_STYLE = Automatic;
				INFOPLIST_FILE = Stamp/Info.plist;
				LD_RUNPATH_SEARCH_PATHS = (
					"$(inherited)",
					"@executable_path/Frameworks",
				);
				PRODUCT_BUNDLE_IDENTIFIER = com.litech.Stamp;
				PRODUCT_NAME = "$(TARGET_NAME)";
				SWIFT_VERSION = 5.0;
				TARGETED_DEVICE_FAMILY = "1,2";
			};
			name = Debug;
		};
		81CCBB962509F3130093781D /* Release */ = {
			isa = XCBuildConfiguration;
			buildSettings = {
				ASSETCATALOG_COMPILER_APPICON_NAME = AppIcon;
				CODE_SIGN_STYLE = Automatic;
				INFOPLIST_FILE = Stamp/Info.plist;
				LD_RUNPATH_SEARCH_PATHS = (
					"$(inherited)",
					"@executable_path/Frameworks",
				);
				PRODUCT_BUNDLE_IDENTIFIER = com.litech.Stamp;
				PRODUCT_NAME = "$(TARGET_NAME)";
				SWIFT_VERSION = 5.0;
				TARGETED_DEVICE_FAMILY = "1,2";
			};
			name = Release;
		};
		81CCBB982509F3130093781D /* Debug */ = {
			isa = XCBuildConfiguration;
			buildSettings = {
				ALWAYS_EMBED_SWIFT_STANDARD_LIBRARIES = YES;
				BUNDLE_LOADER = "$(TEST_HOST)";
				CODE_SIGN_STYLE = Automatic;
				INFOPLIST_FILE = StampTests/Info.plist;
				IPHONEOS_DEPLOYMENT_TARGET = 13.7;
				LD_RUNPATH_SEARCH_PATHS = (
					"$(inherited)",
					"@executable_path/Frameworks",
					"@loader_path/Frameworks",
				);
				PRODUCT_BUNDLE_IDENTIFIER = com.litech.StampTests;
				PRODUCT_NAME = "$(TARGET_NAME)";
				SWIFT_VERSION = 5.0;
				TARGETED_DEVICE_FAMILY = "1,2";
				TEST_HOST = "$(BUILT_PRODUCTS_DIR)/Stamp.app/Stamp";
			};
			name = Debug;
		};
		81CCBB992509F3130093781D /* Release */ = {
			isa = XCBuildConfiguration;
			buildSettings = {
				ALWAYS_EMBED_SWIFT_STANDARD_LIBRARIES = YES;
				BUNDLE_LOADER = "$(TEST_HOST)";
				CODE_SIGN_STYLE = Automatic;
				INFOPLIST_FILE = StampTests/Info.plist;
				IPHONEOS_DEPLOYMENT_TARGET = 13.7;
				LD_RUNPATH_SEARCH_PATHS = (
					"$(inherited)",
					"@executable_path/Frameworks",
					"@loader_path/Frameworks",
				);
				PRODUCT_BUNDLE_IDENTIFIER = com.litech.StampTests;
				PRODUCT_NAME = "$(TARGET_NAME)";
				SWIFT_VERSION = 5.0;
				TARGETED_DEVICE_FAMILY = "1,2";
				TEST_HOST = "$(BUILT_PRODUCTS_DIR)/Stamp.app/Stamp";
			};
			name = Release;
		};
		81CCBB9B2509F3130093781D /* Debug */ = {
			isa = XCBuildConfiguration;
			buildSettings = {
				ALWAYS_EMBED_SWIFT_STANDARD_LIBRARIES = YES;
				CODE_SIGN_STYLE = Automatic;
				INFOPLIST_FILE = StampUITests/Info.plist;
				LD_RUNPATH_SEARCH_PATHS = (
					"$(inherited)",
					"@executable_path/Frameworks",
					"@loader_path/Frameworks",
				);
				PRODUCT_BUNDLE_IDENTIFIER = com.litech.StampUITests;
				PRODUCT_NAME = "$(TARGET_NAME)";
				SWIFT_VERSION = 5.0;
				TARGETED_DEVICE_FAMILY = "1,2";
				TEST_TARGET_NAME = Stamp;
			};
			name = Debug;
		};
		81CCBB9C2509F3130093781D /* Release */ = {
			isa = XCBuildConfiguration;
			buildSettings = {
				ALWAYS_EMBED_SWIFT_STANDARD_LIBRARIES = YES;
				CODE_SIGN_STYLE = Automatic;
				INFOPLIST_FILE = StampUITests/Info.plist;
				LD_RUNPATH_SEARCH_PATHS = (
					"$(inherited)",
					"@executable_path/Frameworks",
					"@loader_path/Frameworks",
				);
				PRODUCT_BUNDLE_IDENTIFIER = com.litech.StampUITests;
				PRODUCT_NAME = "$(TARGET_NAME)";
				SWIFT_VERSION = 5.0;
				TARGETED_DEVICE_FAMILY = "1,2";
				TEST_TARGET_NAME = Stamp;
			};
			name = Release;
		};
/* End XCBuildConfiguration section */

/* Begin XCConfigurationList section */
		81CCBB652509F3100093781D /* Build configuration list for PBXProject "Stamp" */ = {
			isa = XCConfigurationList;
			buildConfigurations = (
				81CCBB922509F3130093781D /* Debug */,
				81CCBB932509F3130093781D /* Release */,
			);
			defaultConfigurationIsVisible = 0;
			defaultConfigurationName = Release;
		};
		81CCBB942509F3130093781D /* Build configuration list for PBXNativeTarget "Stamp" */ = {
			isa = XCConfigurationList;
			buildConfigurations = (
				81CCBB952509F3130093781D /* Debug */,
				81CCBB962509F3130093781D /* Release */,
			);
			defaultConfigurationIsVisible = 0;
			defaultConfigurationName = Release;
		};
		81CCBB972509F3130093781D /* Build configuration list for PBXNativeTarget "StampTests" */ = {
			isa = XCConfigurationList;
			buildConfigurations = (
				81CCBB982509F3130093781D /* Debug */,
				81CCBB992509F3130093781D /* Release */,
			);
			defaultConfigurationIsVisible = 0;
			defaultConfigurationName = Release;
		};
		81CCBB9A2509F3130093781D /* Build configuration list for PBXNativeTarget "StampUITests" */ = {
			isa = XCConfigurationList;
			buildConfigurations = (
				81CCBB9B2509F3130093781D /* Debug */,
				81CCBB9C2509F3130093781D /* Release */,
			);
			defaultConfigurationIsVisible = 0;
			defaultConfigurationName = Release;
		};
/* End XCConfigurationList section */
	};
	rootObject = 81CCBB622509F3100093781D /* Project object */;
}
